
Microsoft Visual Studio Solution File, Format Version 12.00
# Visual Studio Version 17
VisualStudioVersion = 17.0.31903.59
MinimumVisualStudioVersion = 10.0.40219.1
Project("{2150E333-8FDC-42A3-9474-1A3956D46DE8}") = "src", "src", "{56E1C43E-FD9D-4C80-ABCD-9DC00FBBD9A1}"
EndProject
Project("{2150E333-8FDC-42A3-9474-1A3956D46DE8}") = "OrderFiltering", "OrderFiltering", "{B6393868-5408-472D-BB33-1E473DBBA428}"
EndProject
Project("{2150E333-8FDC-42A3-9474-1A3956D46DE8}") = "Domain", "Domain", "{BB04B399-3C23-4401-8D7D-E91BB287393C}"
EndProject
Project("{FAE04EC0-301F-11D3-BF4B-00C04F79EFBC}") = "EffectiveMobile.DeliveryService.OrderFiltering.Domain", "src\OrderFiltering\Domain\src\EffectiveMobile.DeliveryService.OrderFiltering.Domain.csproj", "{8C3E1506-732D-4AE6-9A46-0B4FF778ABCB}"
EndProject
Project("{FAE04EC0-301F-11D3-BF4B-00C04F79EFBC}") = "EffectiveMobile.DeliveryService.OrderFiltering.Domain.Tests", "src\OrderFiltering\Domain\tests\EffectiveMobile.DeliveryService.OrderFiltering.Domain.Tests.csproj", "{0653EA4A-33BC-4F63-BF34-189BDE1F23D3}"
EndProject
Project("{2150E333-8FDC-42A3-9474-1A3956D46DE8}") = "Infrastructure", "Infrastructure", "{7595A399-0D5D-4CB5-B8A0-A87E4AA8DB95}"
EndProject
Project("{FAE04EC0-301F-11D3-BF4B-00C04F79EFBC}") = "EffectiveMobile.DeliveryService.OrderFiltering.Infrastructure", "src\OrderFiltering\Infrastructure\src\EffectiveMobile.DeliveryService.OrderFiltering.Infrastructure.csproj", "{5ED0246F-E3EC-4227-96C8-2553BB6F8C62}"
EndProject
Project("{FAE04EC0-301F-11D3-BF4B-00C04F79EFBC}") = "EffectiveMobile.DeliveryService.OrderFiltering.Infrastructure.Tests", "src\OrderFiltering\Infrastructure\tests\EffectiveMobile.DeliveryService.OrderFiltering.Infrastructure.Tests.csproj", "{13513699-66E8-4661-A3A2-77A26A46B824}"
EndProject
Project("{2150E333-8FDC-42A3-9474-1A3956D46DE8}") = "Application", "Application", "{9282DF63-7915-4A78-BB44-E949AF2A9CFA}"
EndProject
Project("{FAE04EC0-301F-11D3-BF4B-00C04F79EFBC}") = "EffectiveMobile.DeliveryService.OrderFiltering.Application", "src\OrderFiltering\Application\src\EffectiveMobile.DeliveryService.OrderFiltering.Application.csproj", "{0BB05442-2DE3-4836-9A7B-D9D94B5BBAF7}"
EndProject
Project("{FAE04EC0-301F-11D3-BF4B-00C04F79EFBC}") = "EffectiveMobile.DeliveryService.OrderFiltering.Application.Tests", "src\OrderFiltering\Application\tests\EffectiveMobile.DeliveryService.OrderFiltering.Application.Tests.csproj", "{115A128F-20C5-4911-AA05-30C2F5CCE2C6}"
EndProject
Project("{2150E333-8FDC-42A3-9474-1A3956D46DE8}") = "OrderManagementService", "OrderManagementService", "{FC0C39B4-8520-4B6C-8703-5D7BE7C8D757}"
EndProject
Project("{2150E333-8FDC-42A3-9474-1A3956D46DE8}") = "Domain", "Domain", "{581BD193-5203-4B06-ACB9-3D1072EDDEB9}"
EndProject
Project("{FAE04EC0-301F-11D3-BF4B-00C04F79EFBC}") = "EffectiveMobile.DeliveryService.OrderManagementService.Domain", "src\OrderManagementService\Domain\src\EffectiveMobile.DeliveryService.OrderManagementService.Domain.csproj", "{5788B78B-388D-46F3-BA59-805F01E8799E}"
EndProject
Project("{2150E333-8FDC-42A3-9474-1A3956D46DE8}") = "Application", "Application", "{1F34A94C-42C8-401D-ABAF-DA8FE3C097D7}"
EndProject
Project("{FAE04EC0-301F-11D3-BF4B-00C04F79EFBC}") = "EffectiveMobile.DeliveryService.OrderManagementService.Application", "src\OrderManagementService\Application\src\EffectiveMobile.DeliveryService.OrderManagementService.Application.csproj", "{FFFB0EF6-B08E-4725-BD06-B84CD88D677A}"
EndProject
Project("{2150E333-8FDC-42A3-9474-1A3956D46DE8}") = "Infrastructure", "Infrastructure", "{A09FA25F-C82A-4172-90A1-DE6F4795E578}"
EndProject
Project("{FAE04EC0-301F-11D3-BF4B-00C04F79EFBC}") = "EffectiveMobile.DeliveryService.OrderManagementService.Infrastructure", "src\OrderManagementService\Infrastructure\src\EffectiveMobile.DeliveryService.OrderManagementService.Infrastructure.csproj", "{DFAEB32D-5EC7-4BFC-B6DF-A1D00746E076}"
EndProject
Project("{2150E333-8FDC-42A3-9474-1A3956D46DE8}") = "tests", "tests", "{06DE9DB9-B053-41C0-A949-7DC938AA3F11}"
EndProject
Project("{FAE04EC0-301F-11D3-BF4B-00C04F79EFBC}") = "EffectiveMobile.DeliveryService.UnitTests", "tests\UnitTests\EffectiveMobile.DeliveryService.UnitTests.csproj", "{C2E37E57-E430-4E62-8AA7-F115665D03C5}"
EndProject
Project("{2150E333-8FDC-42A3-9474-1A3956D46DE8}") = "OrderFilteringService", "OrderFilteringService", "{422B007D-EDB9-46C4-BEFA-10F9BA53A02F}"
EndProject
Project("{2150E333-8FDC-42A3-9474-1A3956D46DE8}") = "ApplicationCore", "ApplicationCore", "{9A2C7B5A-64CD-4AD1-A053-A0C892848C89}"
EndProject
Project("{FAE04EC0-301F-11D3-BF4B-00C04F79EFBC}") = "EffectiveMobile.DeliveryService.OrderFilteringService.ApplicationCore", "src\OrderFilteringService\ApplicationCore\src\EffectiveMobile.DeliveryService.OrderFilteringService.ApplicationCore.csproj", "{9086E27E-018C-489E-8458-1708DA9AD7A1}"
EndProject
Project("{2150E333-8FDC-42A3-9474-1A3956D46DE8}") = "Infrastructure", "Infrastructure", "{998ED963-73B5-4100-8A60-63B9AAB73176}"
EndProject
Project("{FAE04EC0-301F-11D3-BF4B-00C04F79EFBC}") = "EffectiveMobile.DeliveryService.OrderFilteringService.Infrastructure", "src\OrderFilteringService\Infrastructure\src\EffectiveMobile.DeliveryService.OrderFilteringService.Infrastructure.csproj", "{86E1FB2C-8152-4437-B6C9-5197EC5AD305}"
EndProject
Project("{2150E333-8FDC-42A3-9474-1A3956D46DE8}") = "WebApi", "WebApi", "{70CB6B42-DC6D-4E2F-87B1-32476587F295}"
EndProject
Project("{FAE04EC0-301F-11D3-BF4B-00C04F79EFBC}") = "EffectiveMobile.DeliveryService.OrderFilteringService.WebApi", "src\OrderFilteringService\WebApi\src\EffectiveMobile.DeliveryService.OrderFilteringService.WebApi.csproj", "{1D08F09D-B262-4D40-986D-233E65AECA53}"
EndProject
Global
	GlobalSection(SolutionConfigurationPlatforms) = preSolution
		Debug|Any CPU = Debug|Any CPU
		Release|Any CPU = Release|Any CPU
	EndGlobalSection
	GlobalSection(SolutionProperties) = preSolution
		HideSolutionNode = FALSE
	EndGlobalSection
	GlobalSection(ProjectConfigurationPlatforms) = postSolution
		{8C3E1506-732D-4AE6-9A46-0B4FF778ABCB}.Debug|Any CPU.ActiveCfg = Debug|Any CPU
		{8C3E1506-732D-4AE6-9A46-0B4FF778ABCB}.Debug|Any CPU.Build.0 = Debug|Any CPU
		{8C3E1506-732D-4AE6-9A46-0B4FF778ABCB}.Release|Any CPU.ActiveCfg = Release|Any CPU
		{8C3E1506-732D-4AE6-9A46-0B4FF778ABCB}.Release|Any CPU.Build.0 = Release|Any CPU
		{0653EA4A-33BC-4F63-BF34-189BDE1F23D3}.Debug|Any CPU.ActiveCfg = Debug|Any CPU
		{0653EA4A-33BC-4F63-BF34-189BDE1F23D3}.Debug|Any CPU.Build.0 = Debug|Any CPU
		{0653EA4A-33BC-4F63-BF34-189BDE1F23D3}.Release|Any CPU.ActiveCfg = Release|Any CPU
		{0653EA4A-33BC-4F63-BF34-189BDE1F23D3}.Release|Any CPU.Build.0 = Release|Any CPU
		{5ED0246F-E3EC-4227-96C8-2553BB6F8C62}.Debug|Any CPU.ActiveCfg = Debug|Any CPU
		{5ED0246F-E3EC-4227-96C8-2553BB6F8C62}.Debug|Any CPU.Build.0 = Debug|Any CPU
		{5ED0246F-E3EC-4227-96C8-2553BB6F8C62}.Release|Any CPU.ActiveCfg = Release|Any CPU
		{5ED0246F-E3EC-4227-96C8-2553BB6F8C62}.Release|Any CPU.Build.0 = Release|Any CPU
		{13513699-66E8-4661-A3A2-77A26A46B824}.Debug|Any CPU.ActiveCfg = Debug|Any CPU
		{13513699-66E8-4661-A3A2-77A26A46B824}.Debug|Any CPU.Build.0 = Debug|Any CPU
		{13513699-66E8-4661-A3A2-77A26A46B824}.Release|Any CPU.ActiveCfg = Release|Any CPU
		{13513699-66E8-4661-A3A2-77A26A46B824}.Release|Any CPU.Build.0 = Release|Any CPU
		{0BB05442-2DE3-4836-9A7B-D9D94B5BBAF7}.Debug|Any CPU.ActiveCfg = Debug|Any CPU
		{0BB05442-2DE3-4836-9A7B-D9D94B5BBAF7}.Debug|Any CPU.Build.0 = Debug|Any CPU
		{0BB05442-2DE3-4836-9A7B-D9D94B5BBAF7}.Release|Any CPU.ActiveCfg = Release|Any CPU
		{0BB05442-2DE3-4836-9A7B-D9D94B5BBAF7}.Release|Any CPU.Build.0 = Release|Any CPU
		{115A128F-20C5-4911-AA05-30C2F5CCE2C6}.Debug|Any CPU.ActiveCfg = Debug|Any CPU
		{115A128F-20C5-4911-AA05-30C2F5CCE2C6}.Debug|Any CPU.Build.0 = Debug|Any CPU
		{115A128F-20C5-4911-AA05-30C2F5CCE2C6}.Release|Any CPU.ActiveCfg = Release|Any CPU
		{115A128F-20C5-4911-AA05-30C2F5CCE2C6}.Release|Any CPU.Build.0 = Release|Any CPU
		{5788B78B-388D-46F3-BA59-805F01E8799E}.Debug|Any CPU.ActiveCfg = Debug|Any CPU
		{5788B78B-388D-46F3-BA59-805F01E8799E}.Debug|Any CPU.Build.0 = Debug|Any CPU
		{5788B78B-388D-46F3-BA59-805F01E8799E}.Release|Any CPU.ActiveCfg = Release|Any CPU
		{5788B78B-388D-46F3-BA59-805F01E8799E}.Release|Any CPU.Build.0 = Release|Any CPU
		{FFFB0EF6-B08E-4725-BD06-B84CD88D677A}.Debug|Any CPU.ActiveCfg = Debug|Any CPU
		{FFFB0EF6-B08E-4725-BD06-B84CD88D677A}.Debug|Any CPU.Build.0 = Debug|Any CPU
		{FFFB0EF6-B08E-4725-BD06-B84CD88D677A}.Release|Any CPU.ActiveCfg = Release|Any CPU
		{FFFB0EF6-B08E-4725-BD06-B84CD88D677A}.Release|Any CPU.Build.0 = Release|Any CPU
		{DFAEB32D-5EC7-4BFC-B6DF-A1D00746E076}.Debug|Any CPU.ActiveCfg = Debug|Any CPU
		{DFAEB32D-5EC7-4BFC-B6DF-A1D00746E076}.Debug|Any CPU.Build.0 = Debug|Any CPU
		{DFAEB32D-5EC7-4BFC-B6DF-A1D00746E076}.Release|Any CPU.ActiveCfg = Release|Any CPU
		{DFAEB32D-5EC7-4BFC-B6DF-A1D00746E076}.Release|Any CPU.Build.0 = Release|Any CPU
		{C2E37E57-E430-4E62-8AA7-F115665D03C5}.Debug|Any CPU.ActiveCfg = Debug|Any CPU
		{C2E37E57-E430-4E62-8AA7-F115665D03C5}.Debug|Any CPU.Build.0 = Debug|Any CPU
		{C2E37E57-E430-4E62-8AA7-F115665D03C5}.Release|Any CPU.ActiveCfg = Release|Any CPU
		{C2E37E57-E430-4E62-8AA7-F115665D03C5}.Release|Any CPU.Build.0 = Release|Any CPU
		{9086E27E-018C-489E-8458-1708DA9AD7A1}.Debug|Any CPU.ActiveCfg = Debug|Any CPU
		{9086E27E-018C-489E-8458-1708DA9AD7A1}.Debug|Any CPU.Build.0 = Debug|Any CPU
		{9086E27E-018C-489E-8458-1708DA9AD7A1}.Release|Any CPU.ActiveCfg = Release|Any CPU
		{9086E27E-018C-489E-8458-1708DA9AD7A1}.Release|Any CPU.Build.0 = Release|Any CPU
		{86E1FB2C-8152-4437-B6C9-5197EC5AD305}.Debug|Any CPU.ActiveCfg = Debug|Any CPU
		{86E1FB2C-8152-4437-B6C9-5197EC5AD305}.Debug|Any CPU.Build.0 = Debug|Any CPU
		{86E1FB2C-8152-4437-B6C9-5197EC5AD305}.Release|Any CPU.ActiveCfg = Release|Any CPU
		{86E1FB2C-8152-4437-B6C9-5197EC5AD305}.Release|Any CPU.Build.0 = Release|Any CPU
		{1D08F09D-B262-4D40-986D-233E65AECA53}.Debug|Any CPU.ActiveCfg = Debug|Any CPU
		{1D08F09D-B262-4D40-986D-233E65AECA53}.Debug|Any CPU.Build.0 = Debug|Any CPU
		{1D08F09D-B262-4D40-986D-233E65AECA53}.Release|Any CPU.ActiveCfg = Release|Any CPU
		{1D08F09D-B262-4D40-986D-233E65AECA53}.Release|Any CPU.Build.0 = Release|Any CPU
	EndGlobalSection
	GlobalSection(NestedProjects) = preSolution
		{B6393868-5408-472D-BB33-1E473DBBA428} = {56E1C43E-FD9D-4C80-ABCD-9DC00FBBD9A1}
		{BB04B399-3C23-4401-8D7D-E91BB287393C} = {B6393868-5408-472D-BB33-1E473DBBA428}
		{8C3E1506-732D-4AE6-9A46-0B4FF778ABCB} = {BB04B399-3C23-4401-8D7D-E91BB287393C}
		{0653EA4A-33BC-4F63-BF34-189BDE1F23D3} = {BB04B399-3C23-4401-8D7D-E91BB287393C}
		{7595A399-0D5D-4CB5-B8A0-A87E4AA8DB95} = {B6393868-5408-472D-BB33-1E473DBBA428}
		{5ED0246F-E3EC-4227-96C8-2553BB6F8C62} = {7595A399-0D5D-4CB5-B8A0-A87E4AA8DB95}
		{13513699-66E8-4661-A3A2-77A26A46B824} = {7595A399-0D5D-4CB5-B8A0-A87E4AA8DB95}
		{9282DF63-7915-4A78-BB44-E949AF2A9CFA} = {B6393868-5408-472D-BB33-1E473DBBA428}
		{0BB05442-2DE3-4836-9A7B-D9D94B5BBAF7} = {9282DF63-7915-4A78-BB44-E949AF2A9CFA}
		{115A128F-20C5-4911-AA05-30C2F5CCE2C6} = {9282DF63-7915-4A78-BB44-E949AF2A9CFA}
		{FC0C39B4-8520-4B6C-8703-5D7BE7C8D757} = {56E1C43E-FD9D-4C80-ABCD-9DC00FBBD9A1}
		{581BD193-5203-4B06-ACB9-3D1072EDDEB9} = {FC0C39B4-8520-4B6C-8703-5D7BE7C8D757}
		{5788B78B-388D-46F3-BA59-805F01E8799E} = {581BD193-5203-4B06-ACB9-3D1072EDDEB9}
		{1F34A94C-42C8-401D-ABAF-DA8FE3C097D7} = {FC0C39B4-8520-4B6C-8703-5D7BE7C8D757}
		{FFFB0EF6-B08E-4725-BD06-B84CD88D677A} = {1F34A94C-42C8-401D-ABAF-DA8FE3C097D7}
		{A09FA25F-C82A-4172-90A1-DE6F4795E578} = {FC0C39B4-8520-4B6C-8703-5D7BE7C8D757}
		{DFAEB32D-5EC7-4BFC-B6DF-A1D00746E076} = {A09FA25F-C82A-4172-90A1-DE6F4795E578}
		{C2E37E57-E430-4E62-8AA7-F115665D03C5} = {06DE9DB9-B053-41C0-A949-7DC938AA3F11}
		{422B007D-EDB9-46C4-BEFA-10F9BA53A02F} = {56E1C43E-FD9D-4C80-ABCD-9DC00FBBD9A1}
		{9A2C7B5A-64CD-4AD1-A053-A0C892848C89} = {422B007D-EDB9-46C4-BEFA-10F9BA53A02F}
		{9086E27E-018C-489E-8458-1708DA9AD7A1} = {9A2C7B5A-64CD-4AD1-A053-A0C892848C89}
		{998ED963-73B5-4100-8A60-63B9AAB73176} = {422B007D-EDB9-46C4-BEFA-10F9BA53A02F}
		{86E1FB2C-8152-4437-B6C9-5197EC5AD305} = {998ED963-73B5-4100-8A60-63B9AAB73176}
		{70CB6B42-DC6D-4E2F-87B1-32476587F295} = {422B007D-EDB9-46C4-BEFA-10F9BA53A02F}
		{1D08F09D-B262-4D40-986D-233E65AECA53} = {70CB6B42-DC6D-4E2F-87B1-32476587F295}
	EndGlobalSection
EndGlobal
